
Microsoft Visual Studio Solution File, Format Version 12.00
# Visual Studio Version 17
VisualStudioVersion = 17.4.33213.308
MinimumVisualStudioVersion = 10.0.40219.1
Project("{FAE04EC0-301F-11D3-BF4B-00C04F79EFBC}") = "BandwidthSpeedTest", "BandwidthSpeedTest\BandwidthSpeedTest.csproj", "{432A9007-1911-4490-B2FB-04FF61884A6B}"
EndProject
Global
	GlobalSection(SolutionConfigurationPlatforms) = preSolution
		Debug|Any CPU = Debug|Any CPU
		Release|Any CPU = Release|Any CPU
	EndGlobalSection
	GlobalSection(ProjectConfigurationPlatforms) = postSolution
		{432A9007-1911-4490-B2FB-04FF61884A6B}.Debug|Any CPU.ActiveCfg = Debug|Any CPU
		{432A9007-1911-4490-B2FB-04FF61884A6B}.Debug|Any CPU.Build.0 = Debug|Any CPU
		{432A9007-1911-4490-B2FB-04FF61884A6B}.Release|Any CPU.ActiveCfg = Release|Any CPU
		{432A9007-1911-4490-B2FB-04FF61884A6B}.Release|Any CPU.Build.0 = Release|Any CPU
	EndGlobalSection
	GlobalSection(SolutionProperties) = preSolution
		HideSolutionNode = FALSE
	EndGlobalSection
	GlobalSection(ExtensibilityGlobals) = postSolution
		SolutionGuid = {2A281B50-FCAC-4E47-B1C7-08245D11E836}
	EndGlobalSection
EndGlobal
